
Microsoft Visual Studio Solution File, Format Version 11.00
# Visual Studio 2010
Project("{FAE04EC0-301F-11D3-BF4B-00C04F79EFBC}") = "Assembly-CSharp", "Assembly-CSharp.csproj", "{3ac55180-0d5f-68f2-5435-95a003ade6eb}"
EndProject
Project("{FAE04EC0-301F-11D3-BF4B-00C04F79EFBC}") = "Assembly-CSharp-Editor", "Assembly-CSharp-Editor.csproj", "{474800a1-9db2-59e6-250c-0ca50d5a88cf}"
EndProject
Global
	GlobalSection(SolutionConfigurationPlatforms) = preSolution
		Debug|Any CPU = Debug|Any CPU
	EndGlobalSection
	GlobalSection(ProjectConfigurationPlatforms) = postSolution
		{3ac55180-0d5f-68f2-5435-95a003ade6eb}.Debug|Any CPU.ActiveCfg = Debug|Any CPU
		{3ac55180-0d5f-68f2-5435-95a003ade6eb}.Debug|Any CPU.Build.0 = Debug|Any CPU
		{474800a1-9db2-59e6-250c-0ca50d5a88cf}.Debug|Any CPU.ActiveCfg = Debug|Any CPU
		{474800a1-9db2-59e6-250c-0ca50d5a88cf}.Debug|Any CPU.Build.0 = Debug|Any CPU
	EndGlobalSection
	GlobalSection(SolutionProperties) = preSolution
		HideSolutionNode = FALSE
	EndGlobalSection
EndGlobal
